
Microsoft Visual Studio Solution File, Format Version 12.00
# Visual Studio Version 16
VisualStudioVersion = 16.0.31424.327
MinimumVisualStudioVersion = 10.0.40219.1
Project("{FAE04EC0-301F-11D3-BF4B-00C04F79EFBC}") = "DS Rec", "DS Rec.csproj", "{B940232B-7FC7-44B6-BEB7-0A46E540C46C}"
EndProject
Global
	GlobalSection(SolutionConfigurationPlatforms) = preSolution
		Debug|Any CPU = Debug|Any CPU
		Release|Any CPU = Release|Any CPU
	EndGlobalSection
	GlobalSection(ProjectConfigurationPlatforms) = postSolution
		{B940232B-7FC7-44B6-BEB7-0A46E540C46C}.Debug|Any CPU.ActiveCfg = Debug|Any CPU
		{B940232B-7FC7-44B6-BEB7-0A46E540C46C}.Debug|Any CPU.Build.0 = Debug|Any CPU
		{B940232B-7FC7-44B6-BEB7-0A46E540C46C}.Release|Any CPU.ActiveCfg = Release|Any CPU
		{B940232B-7FC7-44B6-BEB7-0A46E540C46C}.Release|Any CPU.Build.0 = Release|Any CPU
	EndGlobalSection
	GlobalSection(SolutionProperties) = preSolution
		HideSolutionNode = FALSE
	EndGlobalSection
	GlobalSection(ExtensibilityGlobals) = postSolution
		SolutionGuid = {4BB85B4F-E264-4675-B0E9-53DD346611FD}
	EndGlobalSection
EndGlobal
