
Microsoft Visual Studio Solution File, Format Version 12.00
# Visual Studio Version 16
VisualStudioVersion = 16.0.30523.141
MinimumVisualStudioVersion = 10.0.40219.1
Project("{FAE04EC0-301F-11D3-BF4B-00C04F79EFBC}") = "Exibir Resultados", "Exibir Resultados.csproj", "{9BA849E1-F5CB-4CEB-824F-CEF7CADD52DD}"
EndProject
Global
	GlobalSection(SolutionConfigurationPlatforms) = preSolution
		Debug|Any CPU = Debug|Any CPU
		Release|Any CPU = Release|Any CPU
	EndGlobalSection
	GlobalSection(ProjectConfigurationPlatforms) = postSolution
		{9BA849E1-F5CB-4CEB-824F-CEF7CADD52DD}.Debug|Any CPU.ActiveCfg = Debug|Any CPU
		{9BA849E1-F5CB-4CEB-824F-CEF7CADD52DD}.Debug|Any CPU.Build.0 = Debug|Any CPU
		{9BA849E1-F5CB-4CEB-824F-CEF7CADD52DD}.Release|Any CPU.ActiveCfg = Release|Any CPU
		{9BA849E1-F5CB-4CEB-824F-CEF7CADD52DD}.Release|Any CPU.Build.0 = Release|Any CPU
	EndGlobalSection
	GlobalSection(SolutionProperties) = preSolution
		HideSolutionNode = FALSE
	EndGlobalSection
	GlobalSection(ExtensibilityGlobals) = postSolution
		SolutionGuid = {F35691EE-DF8D-4274-B670-69C823892C23}
	EndGlobalSection
EndGlobal
