
Microsoft Visual Studio Solution File, Format Version 12.00
# Visual Studio Version 16
VisualStudioVersion = 16.0.30717.126
MinimumVisualStudioVersion = 10.0.40219.1
Project("{FAE04EC0-301F-11D3-BF4B-00C04F79EFBC}") = "Gerar_Convênios", "Gerar_Convênios.csproj", "{21DAAA15-3609-4955-8509-07536225AA43}"
EndProject
Global
	GlobalSection(SolutionConfigurationPlatforms) = preSolution
		Debug|Any CPU = Debug|Any CPU
		Release|Any CPU = Release|Any CPU
	EndGlobalSection
	GlobalSection(ProjectConfigurationPlatforms) = postSolution
		{21DAAA15-3609-4955-8509-07536225AA43}.Debug|Any CPU.ActiveCfg = Debug|Any CPU
		{21DAAA15-3609-4955-8509-07536225AA43}.Debug|Any CPU.Build.0 = Debug|Any CPU
		{21DAAA15-3609-4955-8509-07536225AA43}.Release|Any CPU.ActiveCfg = Release|Any CPU
		{21DAAA15-3609-4955-8509-07536225AA43}.Release|Any CPU.Build.0 = Release|Any CPU
	EndGlobalSection
	GlobalSection(SolutionProperties) = preSolution
		HideSolutionNode = FALSE
	EndGlobalSection
	GlobalSection(ExtensibilityGlobals) = postSolution
		SolutionGuid = {6313968C-FCCF-427C-8622-7CE2D31D2972}
	EndGlobalSection
EndGlobal
