
Microsoft Visual Studio Solution File, Format Version 12.00
# Visual Studio Version 16
VisualStudioVersion = 16.0.30523.141
MinimumVisualStudioVersion = 10.0.40219.1
Project("{FAE04EC0-301F-11D3-BF4B-00C04F79EFBC}") = "Exibir Exames", "Exibir Exames.csproj", "{8C0163ED-150B-4ED3-94ED-D81E6051955D}"
EndProject
Global
	GlobalSection(SolutionConfigurationPlatforms) = preSolution
		Debug|Any CPU = Debug|Any CPU
		Release|Any CPU = Release|Any CPU
	EndGlobalSection
	GlobalSection(ProjectConfigurationPlatforms) = postSolution
		{8C0163ED-150B-4ED3-94ED-D81E6051955D}.Debug|Any CPU.ActiveCfg = Debug|Any CPU
		{8C0163ED-150B-4ED3-94ED-D81E6051955D}.Debug|Any CPU.Build.0 = Debug|Any CPU
		{8C0163ED-150B-4ED3-94ED-D81E6051955D}.Release|Any CPU.ActiveCfg = Release|Any CPU
		{8C0163ED-150B-4ED3-94ED-D81E6051955D}.Release|Any CPU.Build.0 = Release|Any CPU
	EndGlobalSection
	GlobalSection(SolutionProperties) = preSolution
		HideSolutionNode = FALSE
	EndGlobalSection
	GlobalSection(ExtensibilityGlobals) = postSolution
		SolutionGuid = {49D8147D-3BE3-4377-9EDF-7936895E6488}
	EndGlobalSection
EndGlobal
