
Microsoft Visual Studio Solution File, Format Version 12.00
# Visual Studio Version 16
VisualStudioVersion = 16.0.31402.337
MinimumVisualStudioVersion = 10.0.40219.1
Project("{FAE04EC0-301F-11D3-BF4B-00C04F79EFBC}") = "Projeto de Desenvolvimento de Software", "Projeto de Desenvolvimento de Software.csproj", "{EB397FEB-ECDD-4BBC-98E0-01449597821D}"
EndProject
Project("{2150E333-8FDC-42A3-9474-1A3956D46DE8}") = "Solution Items", "Solution Items", "{734E245A-F9FF-44AC-9099-5FDCE72C8669}"
	ProjectSection(SolutionItems) = preProject
		.editorconfig = .editorconfig
	EndProjectSection
EndProject
Global
	GlobalSection(SolutionConfigurationPlatforms) = preSolution
		Debug|Any CPU = Debug|Any CPU
		Release|Any CPU = Release|Any CPU
	EndGlobalSection
	GlobalSection(ProjectConfigurationPlatforms) = postSolution
		{EB397FEB-ECDD-4BBC-98E0-01449597821D}.Debug|Any CPU.ActiveCfg = Debug|Any CPU
		{EB397FEB-ECDD-4BBC-98E0-01449597821D}.Debug|Any CPU.Build.0 = Debug|Any CPU
		{EB397FEB-ECDD-4BBC-98E0-01449597821D}.Release|Any CPU.ActiveCfg = Release|Any CPU
		{EB397FEB-ECDD-4BBC-98E0-01449597821D}.Release|Any CPU.Build.0 = Release|Any CPU
	EndGlobalSection
	GlobalSection(SolutionProperties) = preSolution
		HideSolutionNode = FALSE
	EndGlobalSection
	GlobalSection(ExtensibilityGlobals) = postSolution
		SolutionGuid = {CE6C4DB2-AAD7-4D5E-BE83-5CBEA9F5F86F}
	EndGlobalSection
EndGlobal
